
Microsoft Visual Studio Solution File, Format Version 12.00
# Visual Studio Version 17
VisualStudioVersion = 17.1.32210.238
MinimumVisualStudioVersion = 10.0.40219.1
Project("{9A19103F-16F7-4668-BE54-9A1E7A4F7556}") = "BankManagment", "BankManagment\BankManagment.csproj", "{EEBD6D6A-7614-4942-A494-660978CF4FF3}"
EndProject
Project("{FAE04EC0-301F-11D3-BF4B-00C04F79EFBC}") = "AppServicesLibrary", "AppServicesLibrary\AppServicesLibrary.csproj", "{27F4AC78-2A1C-4B5B-8967-E6ACCD8678C7}"
EndProject
Global
	GlobalSection(SolutionConfigurationPlatforms) = preSolution
		Debug|Any CPU = Debug|Any CPU
		Release|Any CPU = Release|Any CPU
	EndGlobalSection
	GlobalSection(ProjectConfigurationPlatforms) = postSolution
		{EEBD6D6A-7614-4942-A494-660978CF4FF3}.Debug|Any CPU.ActiveCfg = Debug|Any CPU
		{EEBD6D6A-7614-4942-A494-660978CF4FF3}.Debug|Any CPU.Build.0 = Debug|Any CPU
		{EEBD6D6A-7614-4942-A494-660978CF4FF3}.Release|Any CPU.ActiveCfg = Release|Any CPU
		{EEBD6D6A-7614-4942-A494-660978CF4FF3}.Release|Any CPU.Build.0 = Release|Any CPU
		{27F4AC78-2A1C-4B5B-8967-E6ACCD8678C7}.Debug|Any CPU.ActiveCfg = Debug|Any CPU
		{27F4AC78-2A1C-4B5B-8967-E6ACCD8678C7}.Debug|Any CPU.Build.0 = Debug|Any CPU
		{27F4AC78-2A1C-4B5B-8967-E6ACCD8678C7}.Release|Any CPU.ActiveCfg = Release|Any CPU
		{27F4AC78-2A1C-4B5B-8967-E6ACCD8678C7}.Release|Any CPU.Build.0 = Release|Any CPU
	EndGlobalSection
	GlobalSection(SolutionProperties) = preSolution
		HideSolutionNode = FALSE
	EndGlobalSection
	GlobalSection(ExtensibilityGlobals) = postSolution
		SolutionGuid = {69974693-C489-451B-9E91-91093F1A119E}
	EndGlobalSection
EndGlobal
